dependencies:
- name: dagster-user-deployments
  repository: ""
  version: 0.15.8
- name: postgresql
  repository: https://raw.githubusercontent.com/bitnami/charts/eb5f9a9513d987b519f0ecd732e7031241c50328/bitnami
  version: 8.1.0
- name: rabbitmq
  repository: https://raw.githubusercontent.com/bitnami/charts/eb5f9a9513d987b519f0ecd732e7031241c50328/bitnami
  version: 6.16.3
- name: redis
  repository: https://raw.githubusercontent.com/bitnami/charts/eb5f9a9513d987b519f0ecd732e7031241c50328/bitnami
  version: 12.7.4
digest: sha256:8c70dd704df6ef743eeed5bf86e7c50f4b3dfacbb60f225bac05e2f8be8f6d21
generated: "2026-01-30T15:22:52.87262-08:00"
